
Microsoft Visual Studio Solution File, Format Version 12.00
# Visual Studio Version 17
VisualStudioVersion = 17.8.34330.188
MinimumVisualStudioVersion = 10.0.40219.1
Project("{FAE04EC0-301F-11D3-BF4B-00C04F79EFBC}") = "AquiTemLanche", "AquiTemLanche.csproj", "{2E17C433-10AD-431F-A987-1C937236620F}"
EndProject
Global
	GlobalSection(SolutionConfigurationPlatforms) = preSolution
		Debug|Any CPU = Debug|Any CPU
		Release|Any CPU = Release|Any CPU
	EndGlobalSection
	GlobalSection(ProjectConfigurationPlatforms) = postSolution
		{2E17C433-10AD-431F-A987-1C937236620F}.Debug|Any CPU.ActiveCfg = Debug|Any CPU
		{2E17C433-10AD-431F-A987-1C937236620F}.Debug|Any CPU.Build.0 = Debug|Any CPU
		{2E17C433-10AD-431F-A987-1C937236620F}.Release|Any CPU.ActiveCfg = Release|Any CPU
		{2E17C433-10AD-431F-A987-1C937236620F}.Release|Any CPU.Build.0 = Release|Any CPU
	EndGlobalSection
	GlobalSection(SolutionProperties) = preSolution
		HideSolutionNode = FALSE
	EndGlobalSection
	GlobalSection(ExtensibilityGlobals) = postSolution
		SolutionGuid = {A3677420-C1CD-4469-9CAF-C728A2B85CC9}
	EndGlobalSection
EndGlobal
